
Microsoft Visual Studio Solution File, Format Version 12.00
# Visual Studio Version 17
VisualStudioVersion = 17.3.32825.248
MinimumVisualStudioVersion = 10.0.40219.1
Project("{FAE04EC0-301F-11D3-BF4B-00C04F79EFBC}") = "ScheduleMobileApp.Android", "ScheduleMobileApp.Android\ScheduleMobileApp.Android.csproj", "{3C7300DC-58DE-4FDE-A9AB-FBD1A49576D6}"
EndProject
Project("{FAE04EC0-301F-11D3-BF4B-00C04F79EFBC}") = "ScheduleMobileApp.iOS", "ScheduleMobileApp.iOS\ScheduleMobileApp.iOS.csproj", "{A9C5183D-547B-4F4E-9B31-D619764F8393}"
EndProject
Project("{9A19103F-16F7-4668-BE54-9A1E7A4F7556}") = "ScheduleMobileApp", "ScheduleMobileApp\ScheduleMobileApp.csproj", "{A464DD8E-BFD1-41C0-B529-8DFA8B840013}"
EndProject
Global
	GlobalSection(SolutionConfigurationPlatforms) = preSolution
		Debug|Any CPU = Debug|Any CPU
		Debug|ARM = Debug|ARM
		Debug|iPhone = Debug|iPhone
		Debug|iPhoneSimulator = Debug|iPhoneSimulator
		Debug|x64 = Debug|x64
		Debug|x86 = Debug|x86
		Release|Any CPU = Release|Any CPU
		Release|ARM = Release|ARM
		Release|iPhone = Release|iPhone
		Release|iPhoneSimulator = Release|iPhoneSimulator
		Release|x64 = Release|x64
		Release|x86 = Release|x86
	EndGlobalSection
	GlobalSection(ProjectConfigurationPlatforms) = postSolution
		{3C7300DC-58DE-4FDE-A9AB-FBD1A49576D6}.Debug|Any CPU.ActiveCfg = Debug|Any CPU
		{3C7300DC-58DE-4FDE-A9AB-FBD1A49576D6}.Debug|Any CPU.Build.0 = Debug|Any CPU
		{3C7300DC-58DE-4FDE-A9AB-FBD1A49576D6}.Debug|Any CPU.Deploy.0 = Debug|Any CPU
		{3C7300DC-58DE-4FDE-A9AB-FBD1A49576D6}.Debug|ARM.ActiveCfg = Debug|Any CPU
		{3C7300DC-58DE-4FDE-A9AB-FBD1A49576D6}.Debug|ARM.Build.0 = Debug|Any CPU
		{3C7300DC-58DE-4FDE-A9AB-FBD1A49576D6}.Debug|ARM.Deploy.0 = Debug|Any CPU
		{3C7300DC-58DE-4FDE-A9AB-FBD1A49576D6}.Debug|iPhone.ActiveCfg = Debug|Any CPU
		{3C7300DC-58DE-4FDE-A9AB-FBD1A49576D6}.Debug|iPhone.Build.0 = Debug|Any CPU
		{3C7300DC-58DE-4FDE-A9AB-FBD1A49576D6}.Debug|iPhone.Deploy.0 = Debug|Any CPU
		{3C7300DC-58DE-4FDE-A9AB-FBD1A49576D6}.Debug|iPhoneSimulator.ActiveCfg = Debug|Any CPU
		{3C7300DC-58DE-4FDE-A9AB-FBD1A49576D6}.Debug|iPhoneSimulator.Build.0 = Debug|Any CPU
		{3C7300DC-58DE-4FDE-A9AB-FBD1A49576D6}.Debug|iPhoneSimulator.Deploy.0 = Debug|Any CPU
		{3C7300DC-58DE-4FDE-A9AB-FBD1A49576D6}.Debug|x64.ActiveCfg = Debug|Any CPU
		{3C7300DC-58DE-4FDE-A9AB-FBD1A49576D6}.Debug|x64.Build.0 = Debug|Any CPU
		{3C7300DC-58DE-4FDE-A9AB-FBD1A49576D6}.Debug|x64.Deploy.0 = Debug|Any CPU
		{3C7300DC-58DE-4FDE-A9AB-FBD1A49576D6}.Debug|x86.ActiveCfg = Debug|Any CPU
		{3C7300DC-58DE-4FDE-A9AB-FBD1A49576D6}.Debug|x86.Build.0 = Debug|Any CPU
		{3C7300DC-58DE-4FDE-A9AB-FBD1A49576D6}.Debug|x86.Deploy.0 = Debug|Any CPU
		{3C7300DC-58DE-4FDE-A9AB-FBD1A49576D6}.Release|Any CPU.ActiveCfg = Release|Any CPU
		{3C7300DC-58DE-4FDE-A9AB-FBD1A49576D6}.Release|Any CPU.Build.0 = Release|Any CPU
		{3C7300DC-58DE-4FDE-A9AB-FBD1A49576D6}.Release|Any CPU.Deploy.0 = Release|Any CPU
		{3C7300DC-58DE-4FDE-A9AB-FBD1A49576D6}.Release|ARM.ActiveCfg = Release|Any CPU
		{3C7300DC-58DE-4FDE-A9AB-FBD1A49576D6}.Release|ARM.Build.0 = Release|Any CPU
		{3C7300DC-58DE-4FDE-A9AB-FBD1A49576D6}.Release|ARM.Deploy.0 = Release|Any CPU
		{3C7300DC-58DE-4FDE-A9AB-FBD1A49576D6}.Release|iPhone.ActiveCfg = Release|Any CPU
		{3C7300DC-58DE-4FDE-A9AB-FBD1A49576D6}.Release|iPhone.Build.0 = Release|Any CPU
		{3C7300DC-58DE-4FDE-A9AB-FBD1A49576D6}.Release|iPhone.Deploy.0 = Release|Any CPU
		{3C7300DC-58DE-4FDE-A9AB-FBD1A49576D6}.Release|iPhoneSimulator.ActiveCfg = Release|Any CPU
		{3C7300DC-58DE-4FDE-A9AB-FBD1A49576D6}.Release|iPhoneSimulator.Build.0 = Release|Any CPU
		{3C7300DC-58DE-4FDE-A9AB-FBD1A49576D6}.Release|iPhoneSimulator.Deploy.0 = Release|Any CPU
		{3C7300DC-58DE-4FDE-A9AB-FBD1A49576D6}.Release|x64.ActiveCfg = Release|Any CPU
		{3C7300DC-58DE-4FDE-A9AB-FBD1A49576D6}.Release|x64.Build.0 = Release|Any CPU
		{3C7300DC-58DE-4FDE-A9AB-FBD1A49576D6}.Release|x64.Deploy.0 = Release|Any CPU
		{3C7300DC-58DE-4FDE-A9AB-FBD1A49576D6}.Release|x86.ActiveCfg = Release|Any CPU
		{3C7300DC-58DE-4FDE-A9AB-FBD1A49576D6}.Release|x86.Build.0 = Release|Any CPU
		{3C7300DC-58DE-4FDE-A9AB-FBD1A49576D6}.Release|x86.Deploy.0 = Release|Any CPU
		{A9C5183D-547B-4F4E-9B31-D619764F8393}.Debug|Any CPU.ActiveCfg = Debug|iPhoneSimulator
		{A9C5183D-547B-4F4E-9B31-D619764F8393}.Debug|Any CPU.Build.0 = Debug|iPhoneSimulator
		{A9C5183D-547B-4F4E-9B31-D619764F8393}.Debug|Any CPU.Deploy.0 = Debug|iPhoneSimulator
		{A9C5183D-547B-4F4E-9B31-D619764F8393}.Debug|ARM.ActiveCfg = Debug|iPhoneSimulator
		{A9C5183D-547B-4F4E-9B31-D619764F8393}.Debug|ARM.Build.0 = Debug|iPhoneSimulator
		{A9C5183D-547B-4F4E-9B31-D619764F8393}.Debug|ARM.Deploy.0 = Debug|iPhoneSimulator
		{A9C5183D-547B-4F4E-9B31-D619764F8393}.Debug|iPhone.ActiveCfg = Debug|iPhone
		{A9C5183D-547B-4F4E-9B31-D619764F8393}.Debug|iPhone.Build.0 = Debug|iPhone
		{A9C5183D-547B-4F4E-9B31-D619764F8393}.Debug|iPhone.Deploy.0 = Debug|iPhone
		{A9C5183D-547B-4F4E-9B31-D619764F8393}.Debug|iPhoneSimulator.ActiveCfg = Debug|iPhoneSimulator
		{A9C5183D-547B-4F4E-9B31-D619764F8393}.Debug|iPhoneSimulator.Build.0 = Debug|iPhoneSimulator
		{A9C5183D-547B-4F4E-9B31-D619764F8393}.Debug|iPhoneSimulator.Deploy.0 = Debug|iPhoneSimulator
		{A9C5183D-547B-4F4E-9B31-D619764F8393}.Debug|x64.ActiveCfg = Debug|iPhone
		{A9C5183D-547B-4F4E-9B31-D619764F8393}.Debug|x64.Build.0 = Debug|iPhone
		{A9C5183D-547B-4F4E-9B31-D619764F8393}.Debug|x64.Deploy.0 = Debug|iPhone
		{A9C5183D-547B-4F4E-9B31-D619764F8393}.Debug|x86.ActiveCfg = Debug|iPhoneSimulator
		{A9C5183D-547B-4F4E-9B31-D619764F8393}.Debug|x86.Build.0 = Debug|iPhoneSimulator
		{A9C5183D-547B-4F4E-9B31-D619764F8393}.Debug|x86.Deploy.0 = Debug|iPhoneSimulator
		{A9C5183D-547B-4F4E-9B31-D619764F8393}.Release|Any CPU.ActiveCfg = Release|iPhoneSimulator
		{A9C5183D-547B-4F4E-9B31-D619764F8393}.Release|Any CPU.Build.0 = Release|iPhoneSimulator
		{A9C5183D-547B-4F4E-9B31-D619764F8393}.Release|Any CPU.Deploy.0 = Release|iPhoneSimulator
		{A9C5183D-547B-4F4E-9B31-D619764F8393}.Release|ARM.ActiveCfg = Release|iPhoneSimulator
		{A9C5183D-547B-4F4E-9B31-D619764F8393}.Release|ARM.Build.0 = Release|iPhoneSimulator
		{A9C5183D-547B-4F4E-9B31-D619764F8393}.Release|ARM.Deploy.0 = Release|iPhoneSimulator
		{A9C5183D-547B-4F4E-9B31-D619764F8393}.Release|iPhone.ActiveCfg = Release|iPhone
		{A9C5183D-547B-4F4E-9B31-D619764F8393}.Release|iPhone.Build.0 = Release|iPhone
		{A9C5183D-547B-4F4E-9B31-D619764F8393}.Release|iPhone.Deploy.0 = Release|iPhone
		{A9C5183D-547B-4F4E-9B31-D619764F8393}.Release|iPhoneSimulator.ActiveCfg = Release|iPhoneSimulator
		{A9C5183D-547B-4F4E-9B31-D619764F8393}.Release|iPhoneSimulator.Build.0 = Release|iPhoneSimulator
		{A9C5183D-547B-4F4E-9B31-D619764F8393}.Release|iPhoneSimulator.Deploy.0 = Release|iPhoneSimulator
		{A9C5183D-547B-4F4E-9B31-D619764F8393}.Release|x64.ActiveCfg = Release|iPhoneSimulator
		{A9C5183D-547B-4F4E-9B31-D619764F8393}.Release|x64.Build.0 = Release|iPhoneSimulator
		{A9C5183D-547B-4F4E-9B31-D619764F8393}.Release|x64.Deploy.0 = Release|iPhoneSimulator
		{A9C5183D-547B-4F4E-9B31-D619764F8393}.Release|x86.ActiveCfg = Release|iPhoneSimulator
		{A9C5183D-547B-4F4E-9B31-D619764F8393}.Release|x86.Build.0 = Release|iPhoneSimulator
		{A9C5183D-547B-4F4E-9B31-D619764F8393}.Release|x86.Deploy.0 = Release|iPhoneSimulator
		{A464DD8E-BFD1-41C0-B529-8DFA8B840013}.Debug|Any CPU.ActiveCfg = Debug|Any CPU
		{A464DD8E-BFD1-41C0-B529-8DFA8B840013}.Debug|Any CPU.Build.0 = Debug|Any CPU
		{A464DD8E-BFD1-41C0-B529-8DFA8B840013}.Debug|Any CPU.Deploy.0 = Debug|Any CPU
		{A464DD8E-BFD1-41C0-B529-8DFA8B840013}.Debug|ARM.ActiveCfg = Debug|Any CPU
		{A464DD8E-BFD1-41C0-B529-8DFA8B840013}.Debug|ARM.Build.0 = Debug|Any CPU
		{A464DD8E-BFD1-41C0-B529-8DFA8B840013}.Debug|ARM.Deploy.0 = Debug|Any CPU
		{A464DD8E-BFD1-41C0-B529-8DFA8B840013}.Debug|iPhone.ActiveCfg = Debug|Any CPU
		{A464DD8E-BFD1-41C0-B529-8DFA8B840013}.Debug|iPhone.Build.0 = Debug|Any CPU
		{A464DD8E-BFD1-41C0-B529-8DFA8B840013}.Debug|iPhone.Deploy.0 = Debug|Any CPU
		{A464DD8E-BFD1-41C0-B529-8DFA8B840013}.Debug|iPhoneSimulator.ActiveCfg = Debug|Any CPU
		{A464DD8E-BFD1-41C0-B529-8DFA8B840013}.Debug|iPhoneSimulator.Build.0 = Debug|Any CPU
		{A464DD8E-BFD1-41C0-B529-8DFA8B840013}.Debug|iPhoneSimulator.Deploy.0 = Debug|Any CPU
		{A464DD8E-BFD1-41C0-B529-8DFA8B840013}.Debug|x64.ActiveCfg = Debug|Any CPU
		{A464DD8E-BFD1-41C0-B529-8DFA8B840013}.Debug|x64.Build.0 = Debug|Any CPU
		{A464DD8E-BFD1-41C0-B529-8DFA8B840013}.Debug|x64.Deploy.0 = Debug|Any CPU
		{A464DD8E-BFD1-41C0-B529-8DFA8B840013}.Debug|x86.ActiveCfg = Debug|Any CPU
		{A464DD8E-BFD1-41C0-B529-8DFA8B840013}.Debug|x86.Build.0 = Debug|Any CPU
		{A464DD8E-BFD1-41C0-B529-8DFA8B840013}.Debug|x86.Deploy.0 = Debug|Any CPU
		{A464DD8E-BFD1-41C0-B529-8DFA8B840013}.Release|Any CPU.ActiveCfg = Release|Any CPU
		{A464DD8E-BFD1-41C0-B529-8DFA8B840013}.Release|Any CPU.Build.0 = Release|Any CPU
		{A464DD8E-BFD1-41C0-B529-8DFA8B840013}.Release|Any CPU.Deploy.0 = Release|Any CPU
		{A464DD8E-BFD1-41C0-B529-8DFA8B840013}.Release|ARM.ActiveCfg = Release|Any CPU
		{A464DD8E-BFD1-41C0-B529-8DFA8B840013}.Release|ARM.Build.0 = Release|Any CPU
		{A464DD8E-BFD1-41C0-B529-8DFA8B840013}.Release|ARM.Deploy.0 = Release|Any CPU
		{A464DD8E-BFD1-41C0-B529-8DFA8B840013}.Release|iPhone.ActiveCfg = Release|Any CPU
		{A464DD8E-BFD1-41C0-B529-8DFA8B840013}.Release|iPhone.Build.0 = Release|Any CPU
		{A464DD8E-BFD1-41C0-B529-8DFA8B840013}.Release|iPhone.Deploy.0 = Release|Any CPU
		{A464DD8E-BFD1-41C0-B529-8DFA8B840013}.Release|iPhoneSimulator.ActiveCfg = Release|Any CPU
		{A464DD8E-BFD1-41C0-B529-8DFA8B840013}.Release|iPhoneSimulator.Build.0 = Release|Any CPU
		{A464DD8E-BFD1-41C0-B529-8DFA8B840013}.Release|iPhoneSimulator.Deploy.0 = Release|Any CPU
		{A464DD8E-BFD1-41C0-B529-8DFA8B840013}.Release|x64.ActiveCfg = Release|Any CPU
		{A464DD8E-BFD1-41C0-B529-8DFA8B840013}.Release|x64.Build.0 = Release|Any CPU
		{A464DD8E-BFD1-41C0-B529-8DFA8B840013}.Release|x64.Deploy.0 = Release|Any CPU
		{A464DD8E-BFD1-41C0-B529-8DFA8B840013}.Release|x86.ActiveCfg = Release|Any CPU
		{A464DD8E-BFD1-41C0-B529-8DFA8B840013}.Release|x86.Build.0 = Release|Any CPU
		{A464DD8E-BFD1-41C0-B529-8DFA8B840013}.Release|x86.Deploy.0 = Release|Any CPU
	EndGlobalSection
	GlobalSection(SolutionProperties) = preSolution
		HideSolutionNode = FALSE
	EndGlobalSection
	GlobalSection(ExtensibilityGlobals) = postSolution
		SolutionGuid = {A72D2C4A-3FC6-49F4-9743-EFC78C6F45A5}
	EndGlobalSection
EndGlobal
